
Microsoft Visual Studio Solution File, Format Version 12.00
# Visual Studio 14
VisualStudioVersion = 14.0.25420.1
MinimumVisualStudioVersion = 10.0.40219.1
Project("{FAE04EC0-301F-11D3-BF4B-00C04F79EFBC}") = "Grades", "Grades\Grades.csproj", "{A6D6CF31-FF1C-4829-9CB9-5B7D46084489}"
EndProject
Global
	GlobalSection(SolutionConfigurationPlatforms) = preSolution
		Debug|Any CPU = Debug|Any CPU
		Release|Any CPU = Release|Any CPU
	EndGlobalSection
	GlobalSection(ProjectConfigurationPlatforms) = postSolution
		{A6D6CF31-FF1C-4829-9CB9-5B7D46084489}.Debug|Any CPU.ActiveCfg = Debug|Any CPU
		{A6D6CF31-FF1C-4829-9CB9-5B7D46084489}.Debug|Any CPU.Build.0 = Debug|Any CPU
		{A6D6CF31-FF1C-4829-9CB9-5B7D46084489}.Release|Any CPU.ActiveCfg = Release|Any CPU
		{A6D6CF31-FF1C-4829-9CB9-5B7D46084489}.Release|Any CPU.Build.0 = Release|Any CPU
	EndGlobalSection
	GlobalSection(SolutionProperties) = preSolution
		HideSolutionNode = FALSE
	EndGlobalSection
EndGlobal
